
Microsoft Visual Studio Solution File, Format Version 12.00
# Visual Studio Version 18
VisualStudioVersion = 18.4.11506.43 insiders
MinimumVisualStudioVersion = 10.0.40219.1
Project("{2150E333-8FDC-42A3-9474-1A3956D46DE8}") = "Solution Items", "Solution Items", "{66C3FF79-29C6-484F-822F-BF953D96C947}"
	ProjectSection(SolutionItems) = preProject
		.editorconfig = .editorconfig
	EndProjectSection
EndProject
Project("{FAE04EC0-301F-11D3-BF4B-00C04F79EFBC}") = "Pure.Diagram.RichRelationalModel.EFCore", "Pure.Diagram.RichRelationalModel.EFCore\Pure.Diagram.RichRelationalModel.EFCore.csproj", "{59D614D7-886B-4159-8818-DCF778886087}"
EndProject
Project("{2150E333-8FDC-42A3-9474-1A3956D46DE8}") = "Tests", "Tests", "{7C264D93-E3CB-4144-9C17-040670A33322}"
EndProject
Project("{FAE04EC0-301F-11D3-BF4B-00C04F79EFBC}") = "Pure.Diagram.RichRelationalModel.EFCore.Tests", "Tests\Pure.Diagram.RichRelationalModel.EFCore.Tests\Pure.Diagram.RichRelationalModel.EFCore.Tests.csproj", "{F4F37F3A-118F-4AB3-A0B2-101310EC11DE}"
EndProject
Global
	GlobalSection(SolutionConfigurationPlatforms) = preSolution
		Debug|Any CPU = Debug|Any CPU
		Release|Any CPU = Release|Any CPU
	EndGlobalSection
	GlobalSection(ProjectConfigurationPlatforms) = postSolution
		{59D614D7-886B-4159-8818-DCF778886087}.Debug|Any CPU.ActiveCfg = Debug|Any CPU
		{59D614D7-886B-4159-8818-DCF778886087}.Debug|Any CPU.Build.0 = Debug|Any CPU
		{59D614D7-886B-4159-8818-DCF778886087}.Release|Any CPU.ActiveCfg = Release|Any CPU
		{59D614D7-886B-4159-8818-DCF778886087}.Release|Any CPU.Build.0 = Release|Any CPU
		{F4F37F3A-118F-4AB3-A0B2-101310EC11DE}.Debug|Any CPU.ActiveCfg = Debug|Any CPU
		{F4F37F3A-118F-4AB3-A0B2-101310EC11DE}.Debug|Any CPU.Build.0 = Debug|Any CPU
		{F4F37F3A-118F-4AB3-A0B2-101310EC11DE}.Release|Any CPU.ActiveCfg = Release|Any CPU
		{F4F37F3A-118F-4AB3-A0B2-101310EC11DE}.Release|Any CPU.Build.0 = Release|Any CPU
	EndGlobalSection
	GlobalSection(SolutionProperties) = preSolution
		HideSolutionNode = FALSE
	EndGlobalSection
	GlobalSection(NestedProjects) = preSolution
		{F4F37F3A-118F-4AB3-A0B2-101310EC11DE} = {7C264D93-E3CB-4144-9C17-040670A33322}
	EndGlobalSection
EndGlobal
